
Microsoft Visual Studio Solution File, Format Version 12.00
# Visual Studio Version 18
VisualStudioVersion = 18.0.11012.119
MinimumVisualStudioVersion = 10.0.40219.1
Project("{2150E333-8FDC-42A3-9474-1A3956D46DE8}") = "src", "src", "{B60058DD-B598-46E4-88E0-661984CECA38}"
EndProject
Project("{FAE04EC0-301F-11D3-BF4B-00C04F79EFBC}") = "RecipeBook.UI", "RecipeBook.UI\RecipeBook.UI.csproj", "{61073D23-BF14-49E1-8619-2DB656248243}"
EndProject
Project("{FAE04EC0-301F-11D3-BF4B-00C04F79EFBC}") = "RecipeBook.API", "RecipeBook.API\RecipeBook.API.csproj", "{70E67D98-5198-484A-AD02-7BFFE8B9DFED}"
EndProject
Project("{2150E333-8FDC-42A3-9474-1A3956D46DE8}") = "Modules", "Modules", "{D33BC2A7-86CE-4619-8C51-6466B8571869}"
EndProject
Project("{2150E333-8FDC-42A3-9474-1A3956D46DE8}") = "Recipes", "Recipes", "{D3BE7F0D-B50D-49CC-84F5-51C9C1261185}"
EndProject
Project("{FAE04EC0-301F-11D3-BF4B-00C04F79EFBC}") = "RecipeBook.Modules.Recipes.Domain", "RecipeBook.Modules.Recipes.Domain\RecipeBook.Modules.Recipes.Domain.csproj", "{EA0BB9EE-CA99-4F41-82AC-8650C977FD78}"
EndProject
Project("{FAE04EC0-301F-11D3-BF4B-00C04F79EFBC}") = "RecipeBook.Recipes.Modules.Infrastructure", "RecipeBook.Recipes.Modules.Infrastructure\RecipeBook.Recipes.Modules.Infrastructure.csproj", "{7907F4B7-A8EF-463C-8444-367E96EB780D}"
EndProject
Project("{FAE04EC0-301F-11D3-BF4B-00C04F79EFBC}") = "RecipeBook.Modules.Recipes.Application", "RecipeBook.Modules.Recipes.Application\RecipeBook.Modules.Recipes.Application.csproj", "{63CF2CFB-5DAF-4973-B71A-68D9E3FE6EA9}"
EndProject
Project("{FAE04EC0-301F-11D3-BF4B-00C04F79EFBC}") = "RecipeBook.Modules.Recipes.Contracts", "RecipeBook.Modules.Recipes.Contracts\RecipeBook.Modules.Recipes.Contracts.csproj", "{1380DD73-5C70-4DE0-AB36-CD434F515058}"
EndProject
Global
	GlobalSection(SolutionConfigurationPlatforms) = preSolution
		Debug|Any CPU = Debug|Any CPU
		Release|Any CPU = Release|Any CPU
	EndGlobalSection
	GlobalSection(ProjectConfigurationPlatforms) = postSolution
		{61073D23-BF14-49E1-8619-2DB656248243}.Debug|Any CPU.ActiveCfg = Debug|Any CPU
		{61073D23-BF14-49E1-8619-2DB656248243}.Debug|Any CPU.Build.0 = Debug|Any CPU
		{61073D23-BF14-49E1-8619-2DB656248243}.Release|Any CPU.ActiveCfg = Release|Any CPU
		{61073D23-BF14-49E1-8619-2DB656248243}.Release|Any CPU.Build.0 = Release|Any CPU
		{70E67D98-5198-484A-AD02-7BFFE8B9DFED}.Debug|Any CPU.ActiveCfg = Debug|Any CPU
		{70E67D98-5198-484A-AD02-7BFFE8B9DFED}.Debug|Any CPU.Build.0 = Debug|Any CPU
		{70E67D98-5198-484A-AD02-7BFFE8B9DFED}.Release|Any CPU.ActiveCfg = Release|Any CPU
		{70E67D98-5198-484A-AD02-7BFFE8B9DFED}.Release|Any CPU.Build.0 = Release|Any CPU
		{EA0BB9EE-CA99-4F41-82AC-8650C977FD78}.Debug|Any CPU.ActiveCfg = Debug|Any CPU
		{EA0BB9EE-CA99-4F41-82AC-8650C977FD78}.Debug|Any CPU.Build.0 = Debug|Any CPU
		{EA0BB9EE-CA99-4F41-82AC-8650C977FD78}.Release|Any CPU.ActiveCfg = Release|Any CPU
		{EA0BB9EE-CA99-4F41-82AC-8650C977FD78}.Release|Any CPU.Build.0 = Release|Any CPU
		{7907F4B7-A8EF-463C-8444-367E96EB780D}.Debug|Any CPU.ActiveCfg = Debug|Any CPU
		{7907F4B7-A8EF-463C-8444-367E96EB780D}.Debug|Any CPU.Build.0 = Debug|Any CPU
		{7907F4B7-A8EF-463C-8444-367E96EB780D}.Release|Any CPU.ActiveCfg = Release|Any CPU
		{7907F4B7-A8EF-463C-8444-367E96EB780D}.Release|Any CPU.Build.0 = Release|Any CPU
		{63CF2CFB-5DAF-4973-B71A-68D9E3FE6EA9}.Debug|Any CPU.ActiveCfg = Debug|Any CPU
		{63CF2CFB-5DAF-4973-B71A-68D9E3FE6EA9}.Debug|Any CPU.Build.0 = Debug|Any CPU
		{63CF2CFB-5DAF-4973-B71A-68D9E3FE6EA9}.Release|Any CPU.ActiveCfg = Release|Any CPU
		{63CF2CFB-5DAF-4973-B71A-68D9E3FE6EA9}.Release|Any CPU.Build.0 = Release|Any CPU
		{1380DD73-5C70-4DE0-AB36-CD434F515058}.Debug|Any CPU.ActiveCfg = Debug|Any CPU
		{1380DD73-5C70-4DE0-AB36-CD434F515058}.Debug|Any CPU.Build.0 = Debug|Any CPU
		{1380DD73-5C70-4DE0-AB36-CD434F515058}.Release|Any CPU.ActiveCfg = Release|Any CPU
		{1380DD73-5C70-4DE0-AB36-CD434F515058}.Release|Any CPU.Build.0 = Release|Any CPU
	EndGlobalSection
	GlobalSection(SolutionProperties) = preSolution
		HideSolutionNode = FALSE
	EndGlobalSection
	GlobalSection(NestedProjects) = preSolution
		{61073D23-BF14-49E1-8619-2DB656248243} = {B60058DD-B598-46E4-88E0-661984CECA38}
		{70E67D98-5198-484A-AD02-7BFFE8B9DFED} = {B60058DD-B598-46E4-88E0-661984CECA38}
		{D33BC2A7-86CE-4619-8C51-6466B8571869} = {B60058DD-B598-46E4-88E0-661984CECA38}
		{D3BE7F0D-B50D-49CC-84F5-51C9C1261185} = {D33BC2A7-86CE-4619-8C51-6466B8571869}
		{EA0BB9EE-CA99-4F41-82AC-8650C977FD78} = {D3BE7F0D-B50D-49CC-84F5-51C9C1261185}
		{7907F4B7-A8EF-463C-8444-367E96EB780D} = {D3BE7F0D-B50D-49CC-84F5-51C9C1261185}
		{63CF2CFB-5DAF-4973-B71A-68D9E3FE6EA9} = {D3BE7F0D-B50D-49CC-84F5-51C9C1261185}
		{1380DD73-5C70-4DE0-AB36-CD434F515058} = {D3BE7F0D-B50D-49CC-84F5-51C9C1261185}
	EndGlobalSection
	GlobalSection(ExtensibilityGlobals) = postSolution
		SolutionGuid = {A1D20AEF-37B3-4550-987D-B686A1F88C74}
	EndGlobalSection
EndGlobal
